
Microsoft Visual Studio Solution File, Format Version 12.00
# Visual Studio Version 16
VisualStudioVersion = 16.0.31424.327
MinimumVisualStudioVersion = 10.0.40219.1
Project("{FAE04EC0-301F-11D3-BF4B-00C04F79EFBC}") = "ClientManagement", "ClientManagement.csproj", "{BCDB5E25-9AC9-4873-ACB3-0C334B508E03}"
EndProject
Global
	GlobalSection(SolutionConfigurationPlatforms) = preSolution
		Debug|Any CPU = Debug|Any CPU
		Release|Any CPU = Release|Any CPU
	EndGlobalSection
	GlobalSection(ProjectConfigurationPlatforms) = postSolution
		{BCDB5E25-9AC9-4873-ACB3-0C334B508E03}.Debug|Any CPU.ActiveCfg = Debug|Any CPU
		{BCDB5E25-9AC9-4873-ACB3-0C334B508E03}.Debug|Any CPU.Build.0 = Debug|Any CPU
		{BCDB5E25-9AC9-4873-ACB3-0C334B508E03}.Release|Any CPU.ActiveCfg = Release|Any CPU
		{BCDB5E25-9AC9-4873-ACB3-0C334B508E03}.Release|Any CPU.Build.0 = Release|Any CPU
	EndGlobalSection
	GlobalSection(SolutionProperties) = preSolution
		HideSolutionNode = FALSE
	EndGlobalSection
	GlobalSection(ExtensibilityGlobals) = postSolution
		SolutionGuid = {7473B283-B86A-43D1-B8A2-71A05A36F13A}
	EndGlobalSection
EndGlobal
